
Microsoft Visual Studio Solution File, Format Version 12.00
# Visual Studio 15
VisualStudioVersion = 15.0.27703.2026
MinimumVisualStudioVersion = 10.0.40219.1
Project("{2150E333-8FDC-42A3-9474-1A3956D46DE8}") = "IOCTest", "IOCTest", "{4417837E-D335-451E-B3E5-7508890FAD38}"
EndProject
Project("{FAE04EC0-301F-11D3-BF4B-00C04F79EFBC}") = "DAL", "DAL\DAL.csproj", "{4B092DA1-85C1-4940-BFA9-50D7606C8F36}"
EndProject
Project("{FAE04EC0-301F-11D3-BF4B-00C04F79EFBC}") = "IDAL", "IDAL\IDAL.csproj", "{C539FF48-3D03-4A7D-9736-7A3F0AFDDE52}"
EndProject
Project("{FAE04EC0-301F-11D3-BF4B-00C04F79EFBC}") = "Interface", "Interface\Interface.csproj", "{B68E4834-08E2-4DFA-8ECF-998C7F1B7811}"
EndProject
Project("{FAE04EC0-301F-11D3-BF4B-00C04F79EFBC}") = "Service", "Service\Service.csproj", "{2A719319-286C-4756-BF3B-0EC207A7C686}"
EndProject
Project("{FAE04EC0-301F-11D3-BF4B-00C04F79EFBC}") = "Service.Extend", "Service.Extend\Service.Extend.csproj", "{DC16FD45-68A0-407F-996E-66851B04957F}"
EndProject
Project("{FAE04EC0-301F-11D3-BF4B-00C04F79EFBC}") = "IOCExer", "IOCExer\IOCExer.csproj", "{F54A4815-EAEC-4541-A5E8-B2B63BC92499}"
EndProject
Global
	GlobalSection(SolutionConfigurationPlatforms) = preSolution
		Debug|Any CPU = Debug|Any CPU
		Release|Any CPU = Release|Any CPU
	EndGlobalSection
	GlobalSection(ProjectConfigurationPlatforms) = postSolution
		{4B092DA1-85C1-4940-BFA9-50D7606C8F36}.Debug|Any CPU.ActiveCfg = Debug|Any CPU
		{4B092DA1-85C1-4940-BFA9-50D7606C8F36}.Debug|Any CPU.Build.0 = Debug|Any CPU
		{4B092DA1-85C1-4940-BFA9-50D7606C8F36}.Release|Any CPU.ActiveCfg = Release|Any CPU
		{4B092DA1-85C1-4940-BFA9-50D7606C8F36}.Release|Any CPU.Build.0 = Release|Any CPU
		{C539FF48-3D03-4A7D-9736-7A3F0AFDDE52}.Debug|Any CPU.ActiveCfg = Debug|Any CPU
		{C539FF48-3D03-4A7D-9736-7A3F0AFDDE52}.Debug|Any CPU.Build.0 = Debug|Any CPU
		{C539FF48-3D03-4A7D-9736-7A3F0AFDDE52}.Release|Any CPU.ActiveCfg = Release|Any CPU
		{C539FF48-3D03-4A7D-9736-7A3F0AFDDE52}.Release|Any CPU.Build.0 = Release|Any CPU
		{B68E4834-08E2-4DFA-8ECF-998C7F1B7811}.Debug|Any CPU.ActiveCfg = Debug|Any CPU
		{B68E4834-08E2-4DFA-8ECF-998C7F1B7811}.Debug|Any CPU.Build.0 = Debug|Any CPU
		{B68E4834-08E2-4DFA-8ECF-998C7F1B7811}.Release|Any CPU.ActiveCfg = Release|Any CPU
		{B68E4834-08E2-4DFA-8ECF-998C7F1B7811}.Release|Any CPU.Build.0 = Release|Any CPU
		{2A719319-286C-4756-BF3B-0EC207A7C686}.Debug|Any CPU.ActiveCfg = Debug|Any CPU
		{2A719319-286C-4756-BF3B-0EC207A7C686}.Debug|Any CPU.Build.0 = Debug|Any CPU
		{2A719319-286C-4756-BF3B-0EC207A7C686}.Release|Any CPU.ActiveCfg = Release|Any CPU
		{2A719319-286C-4756-BF3B-0EC207A7C686}.Release|Any CPU.Build.0 = Release|Any CPU
		{DC16FD45-68A0-407F-996E-66851B04957F}.Debug|Any CPU.ActiveCfg = Debug|Any CPU
		{DC16FD45-68A0-407F-996E-66851B04957F}.Debug|Any CPU.Build.0 = Debug|Any CPU
		{DC16FD45-68A0-407F-996E-66851B04957F}.Release|Any CPU.ActiveCfg = Release|Any CPU
		{DC16FD45-68A0-407F-996E-66851B04957F}.Release|Any CPU.Build.0 = Release|Any CPU
		{F54A4815-EAEC-4541-A5E8-B2B63BC92499}.Debug|Any CPU.ActiveCfg = Debug|Any CPU
		{F54A4815-EAEC-4541-A5E8-B2B63BC92499}.Debug|Any CPU.Build.0 = Debug|Any CPU
		{F54A4815-EAEC-4541-A5E8-B2B63BC92499}.Release|Any CPU.ActiveCfg = Release|Any CPU
		{F54A4815-EAEC-4541-A5E8-B2B63BC92499}.Release|Any CPU.Build.0 = Release|Any CPU
	EndGlobalSection
	GlobalSection(SolutionProperties) = preSolution
		HideSolutionNode = FALSE
	EndGlobalSection
	GlobalSection(NestedProjects) = preSolution
		{4B092DA1-85C1-4940-BFA9-50D7606C8F36} = {4417837E-D335-451E-B3E5-7508890FAD38}
		{C539FF48-3D03-4A7D-9736-7A3F0AFDDE52} = {4417837E-D335-451E-B3E5-7508890FAD38}
		{B68E4834-08E2-4DFA-8ECF-998C7F1B7811} = {4417837E-D335-451E-B3E5-7508890FAD38}
		{2A719319-286C-4756-BF3B-0EC207A7C686} = {4417837E-D335-451E-B3E5-7508890FAD38}
		{DC16FD45-68A0-407F-996E-66851B04957F} = {4417837E-D335-451E-B3E5-7508890FAD38}
	EndGlobalSection
	GlobalSection(ExtensibilityGlobals) = postSolution
		SolutionGuid = {42A97E2C-FC51-48DA-826B-C485EBDE4BE2}
	EndGlobalSection
EndGlobal
